
Microsoft Visual Studio Solution File, Format Version 12.00
# Visual Studio Version 16
VisualStudioVersion = 16.0.31624.102
MinimumVisualStudioVersion = 10.0.40219.1
Project("{FAE04EC0-301F-11D3-BF4B-00C04F79EFBC}") = "First Project", "First Project\First Project.csproj", "{79240973-93A4-48A0-93C8-F563F5886AE0}"
EndProject
Global
	GlobalSection(SolutionConfigurationPlatforms) = preSolution
		Debug|Any CPU = Debug|Any CPU
		Release|Any CPU = Release|Any CPU
	EndGlobalSection
	GlobalSection(ProjectConfigurationPlatforms) = postSolution
		{79240973-93A4-48A0-93C8-F563F5886AE0}.Debug|Any CPU.ActiveCfg = Debug|Any CPU
		{79240973-93A4-48A0-93C8-F563F5886AE0}.Debug|Any CPU.Build.0 = Debug|Any CPU
		{79240973-93A4-48A0-93C8-F563F5886AE0}.Release|Any CPU.ActiveCfg = Release|Any CPU
		{79240973-93A4-48A0-93C8-F563F5886AE0}.Release|Any CPU.Build.0 = Release|Any CPU
	EndGlobalSection
	GlobalSection(SolutionProperties) = preSolution
		HideSolutionNode = FALSE
	EndGlobalSection
	GlobalSection(ExtensibilityGlobals) = postSolution
		SolutionGuid = {B2695416-4209-4AF0-A0BF-561E28651F1C}
	EndGlobalSection
EndGlobal
